
Microsoft Visual Studio Solution File, Format Version 12.00
# Visual Studio Version 16
VisualStudioVersion = 16.0.29215.179
MinimumVisualStudioVersion = 10.0.40219.1
Project("{FAE04EC0-301F-11D3-BF4B-00C04F79EFBC}") = "mbrooks1730ex1b", "mbrooks1730ex1b.csproj", "{38361F8C-DC5A-4300-8635-A9FF887067B5}"
EndProject
Project("{FAE04EC0-301F-11D3-BF4B-00C04F79EFBC}") = "mbrooks1c1", "..\mbrooks1c1\mbrooks1c1.csproj", "{8C03F305-B179-4351-9618-3EA85F92DE67}"
EndProject
Project("{FAE04EC0-301F-11D3-BF4B-00C04F79EFBC}") = "mbrooks1d1", "..\mbrooks1d1\mbrooks1d1.csproj", "{4474630B-BB36-417B-9919-DDA1B3E6C63A}"
EndProject
Global
	GlobalSection(SolutionConfigurationPlatforms) = preSolution
		Debug|Any CPU = Debug|Any CPU
		Release|Any CPU = Release|Any CPU
	EndGlobalSection
	GlobalSection(ProjectConfigurationPlatforms) = postSolution
		{38361F8C-DC5A-4300-8635-A9FF887067B5}.Debug|Any CPU.ActiveCfg = Debug|Any CPU
		{38361F8C-DC5A-4300-8635-A9FF887067B5}.Debug|Any CPU.Build.0 = Debug|Any CPU
		{38361F8C-DC5A-4300-8635-A9FF887067B5}.Release|Any CPU.ActiveCfg = Release|Any CPU
		{38361F8C-DC5A-4300-8635-A9FF887067B5}.Release|Any CPU.Build.0 = Release|Any CPU
		{8C03F305-B179-4351-9618-3EA85F92DE67}.Debug|Any CPU.ActiveCfg = Debug|Any CPU
		{8C03F305-B179-4351-9618-3EA85F92DE67}.Debug|Any CPU.Build.0 = Debug|Any CPU
		{8C03F305-B179-4351-9618-3EA85F92DE67}.Release|Any CPU.ActiveCfg = Release|Any CPU
		{8C03F305-B179-4351-9618-3EA85F92DE67}.Release|Any CPU.Build.0 = Release|Any CPU
		{4474630B-BB36-417B-9919-DDA1B3E6C63A}.Debug|Any CPU.ActiveCfg = Debug|Any CPU
		{4474630B-BB36-417B-9919-DDA1B3E6C63A}.Debug|Any CPU.Build.0 = Debug|Any CPU
		{4474630B-BB36-417B-9919-DDA1B3E6C63A}.Release|Any CPU.ActiveCfg = Release|Any CPU
		{4474630B-BB36-417B-9919-DDA1B3E6C63A}.Release|Any CPU.Build.0 = Release|Any CPU
	EndGlobalSection
	GlobalSection(SolutionProperties) = preSolution
		HideSolutionNode = FALSE
	EndGlobalSection
	GlobalSection(ExtensibilityGlobals) = postSolution
		SolutionGuid = {B789A680-887A-43BA-9E0F-F382D08AEFAE}
	EndGlobalSection
EndGlobal
